
Microsoft Visual Studio Solution File, Format Version 12.00
# Visual Studio 2013
VisualStudioVersion = 12.0.21005.1
MinimumVisualStudioVersion = 10.0.40219.1
Project("{F184B08F-C81C-45F6-A57F-5ABD9991F28F}") = "Atlas", "Atlas.vbproj", "{42166AB1-2CE0-472F-AD2D-CBF706BDD0D5}"
EndProject
Project("{F184B08F-C81C-45F6-A57F-5ABD9991F28F}") = "Atlas.Utili_Generales", "Utili_Generales\Atlas.Utili_Generales.vbproj", "{EA29C01C-682B-436A-85BD-39A820994405}"
EndProject
Project("{2150E333-8FDC-42A3-9474-1A3956D46DE8}") = "Util", "Util", "{62DBB895-D9D0-4E37-B4B1-4717F28DB9D1}"
EndProject
Project("{2150E333-8FDC-42A3-9474-1A3956D46DE8}") = "Atlas Datos", "Atlas Datos", "{56F0A9E1-8E8A-48DA-8831-3779F02169FE}"
EndProject
Project("{F184B08F-C81C-45F6-A57F-5ABD9991F28F}") = "Atlas.SQL_DATA", "SQL\SQL\Atlas.SQL_DATA.vbproj", "{79FFA609-FE96-4C22-9B69-3CBB551695A2}"
EndProject
Project("{2150E333-8FDC-42A3-9474-1A3956D46DE8}") = "Atlas Reportes", "Atlas Reportes", "{68ECABD0-62C8-4DB2-B5AA-8E3A50ECAE7A}"
EndProject
Project("{F184B08F-C81C-45F6-A57F-5ABD9991F28F}") = "Atlas.Reporting", "Reporting\Atlas.Reporting.vbproj", "{780B0EFB-251F-4774-9497-6FB6336D6552}"
EndProject
Project("{F184B08F-C81C-45F6-A57F-5ABD9991F28F}") = "Atlas.Accesos", "Atlas.Accesos\Atlas.Accesos.vbproj", "{A7EDC457-1FCC-4720-89ED-D6CAF9095CEC}"
EndProject
Project("{2150E333-8FDC-42A3-9474-1A3956D46DE8}") = "Accesos", "Accesos", "{F5A3F9E4-65AD-414D-9959-77FD53E8B63D}"
EndProject
Project("{2150E333-8FDC-42A3-9474-1A3956D46DE8}") = "Atlas Negocio", "Atlas Negocio", "{5F26C745-ECC4-49DF-AD4D-6C97FCA53955}"
EndProject
Project("{2150E333-8FDC-42A3-9474-1A3956D46DE8}") = "Vista", "Vista", "{237A7D74-DD32-407B-92A4-33E16F67E010}"
EndProject
Project("{F184B08F-C81C-45F6-A57F-5ABD9991F28F}") = "WebServices", "WebServices\WebServices.vbproj", "{C6A6CDB6-F99D-4DCA-9D0B-B3155AC20EC2}"
EndProject
Project("{2150E333-8FDC-42A3-9474-1A3956D46DE8}") = "Atlas.WebServices", "Atlas.WebServices", "{3F378D5E-B5F9-41A8-9549-0122ECE6A197}"
EndProject
Project("{2150E333-8FDC-42A3-9474-1A3956D46DE8}") = "Atlas Estatus SAP", "Atlas Estatus SAP", "{BF546ABD-7DBC-4B50-AA6D-73D929C041BE}"
EndProject
Project("{F184B08F-C81C-45F6-A57F-5ABD9991F28F}") = "Atlas.EstatusSAP", "Atlas.EstatusSAP\Atlas.EstatusSAP.vbproj", "{42F0ED88-5CAE-4D50-9C55-72F3472B822C}"
EndProject
Project("{2150E333-8FDC-42A3-9474-1A3956D46DE8}") = "Atlas Main", "Atlas Main", "{D7229EBA-CF12-47F3-AC98-7AF65E78D60B}"
EndProject
Project("{2150E333-8FDC-42A3-9474-1A3956D46DE8}") = "Atlas Extrusion", "Atlas Extrusion", "{F8D36A25-430A-4E18-9D78-FA18ECF56894}"
EndProject
Project("{F184B08F-C81C-45F6-A57F-5ABD9991F28F}") = "Atlas.ExtrusionProcess", "Atlas.ExtrusionProcess\Atlas.ExtrusionProcess.vbproj", "{5151BC31-4476-470C-8EA9-E5E1F3991AF8}"
EndProject
Project("{F184B08F-C81C-45F6-A57F-5ABD9991F28F}") = "Atlas.Catalogos", "Atlas.Catalogos\Atlas.Catalogos.vbproj", "{003D9F5B-C55E-4B3B-87DF-7545270C8BE9}"
EndProject
Project("{2150E333-8FDC-42A3-9474-1A3956D46DE8}") = "Atlas Catalogos", "Atlas Catalogos", "{3E53D22E-806C-43AE-ACB4-FD51F241693E}"
EndProject
Project("{F184B08F-C81C-45F6-A57F-5ABD9991F28F}") = "Atlas.NotificacionMasiva", "Atlas.NotificacionMasiva\Atlas.NotificacionMasiva.vbproj", "{7F711E1C-8E90-46C9-81B9-C97B1200CB27}"
EndProject
Project("{2150E333-8FDC-42A3-9474-1A3956D46DE8}") = "Atlas Notificacion Masiva", "Atlas Notificacion Masiva", "{0C61FA91-49C4-4FC1-A4D2-0D3DAE255F94}"
EndProject
Project("{F184B08F-C81C-45F6-A57F-5ABD9991F28F}") = "Atlas.Consultations", "Atlas.Consultations\Atlas.Consultations.vbproj", "{54B8CC10-A7E8-4144-A468-CA9585D2A80A}"
EndProject
Project("{2150E333-8FDC-42A3-9474-1A3956D46DE8}") = "Atlas Consultas", "Atlas Consultas", "{D9929B0E-3519-4537-90E7-3A76F517E0E9}"
EndProject
Project("{F184B08F-C81C-45F6-A57F-5ABD9991F28F}") = "Atlas.AutorizaSobrePesos", "Atlas.AutorizaSobrePesos\Atlas.AutorizaSobrePesos.vbproj", "{83D8CC5D-7CDC-4470-AD56-FEE98637ED4F}"
EndProject
Project("{2150E333-8FDC-42A3-9474-1A3956D46DE8}") = "Atlas Autoriza Sobrepesos", "Atlas Autoriza Sobrepesos", "{3447678A-627A-48D5-851D-3B2E7DB7943A}"
EndProject
Project("{F184B08F-C81C-45F6-A57F-5ABD9991F28F}") = "Atlas.Administracion", "Atlas.Administracion\Atlas.Administracion.vbproj", "{178F8433-8A97-46D0-AE6F-18DE7035F4ED}"
EndProject
Project("{2150E333-8FDC-42A3-9474-1A3956D46DE8}") = "Atlas Administracion", "Atlas Administracion", "{486D8FF2-A60A-440A-BDAE-E1ED04B6FC27}"
EndProject
Project("{F184B08F-C81C-45F6-A57F-5ABD9991F28F}") = "Atlas.Parametros", "Atlas.Parametros\Atlas.Parametros.vbproj", "{6D4AA9E9-67F0-4A87-8F8E-F190A914BD48}"
EndProject
Project("{2150E333-8FDC-42A3-9474-1A3956D46DE8}") = "Atlas Parametros", "Atlas Parametros", "{30B388EC-23A0-4909-9D86-3DB920535FF7}"
EndProject
Project("{F184B08F-C81C-45F6-A57F-5ABD9991F28F}") = "Atlas.Calidad", "Ventanas\Atlas.Calidad\Atlas.Calidad.vbproj", "{366C6031-EE71-4FB6-B4DC-8FBD6614F110}"
EndProject
Project("{2150E333-8FDC-42A3-9474-1A3956D46DE8}") = "Atlas Calidad", "Atlas Calidad", "{5545F699-E423-4B2A-BCF1-1C2AF0618A91}"
EndProject
Project("{2150E333-8FDC-42A3-9474-1A3956D46DE8}") = "Atlas Tiempos", "Atlas Tiempos", "{A4C4169B-49B2-4339-9C4C-6D6845FE88BC}"
EndProject
Project("{F184B08F-C81C-45F6-A57F-5ABD9991F28F}") = "Atlas.Planeacion", "Atlas.Planeacion\Atlas.Planeacion.vbproj", "{6670AB73-6A1F-4DB7-ABEF-AA7DCAB9EA07}"
EndProject
Project("{2150E333-8FDC-42A3-9474-1A3956D46DE8}") = "Atlas Planeacion", "Atlas Planeacion", "{30A9EF7E-A038-40E3-BCC1-A9CEFF723C13}"
EndProject
Project("{F184B08F-C81C-45F6-A57F-5ABD9991F28F}") = "Atlas.Tiempos", "Atlas.Tiempos\Atlas.Tiempos.vbproj", "{3B30BBC2-6FB0-43CF-8ECD-772C516B53AD}"
EndProject
Project("{F184B08F-C81C-45F6-A57F-5ABD9991F28F}") = "Atlas.ProduccionProceso", "Atlas.ProduccionProceso\Atlas.ProduccionProceso.vbproj", "{F378B713-09C1-4F55-B1FE-BE11CABA4B04}"
EndProject
Project("{2150E333-8FDC-42A3-9474-1A3956D46DE8}") = "Atlas Produccion Proceso", "Atlas Produccion Proceso", "{EDA69CC0-1A98-40E9-A30C-9B4D8AE2D733}"
EndProject
Project("{F184B08F-C81C-45F6-A57F-5ABD9991F28F}") = "Atlas.ExtrusionPeru", "Atlas.Extrusion.Peru\Atlas.ExtrusionPeru.vbproj", "{46D38FAA-2349-4F44-A61E-059679261DF6}"
EndProject
Project("{2150E333-8FDC-42A3-9474-1A3956D46DE8}") = "Atlas Extrusion Peru", "Atlas Extrusion Peru", "{3FE063DB-52D4-422C-805E-059B634B8057}"
EndProject
Project("{F184B08F-C81C-45F6-A57F-5ABD9991F28F}") = "Atlas.Inyeccion", "Atlas.Inyeccion\Atlas.Inyeccion.vbproj", "{F1B96D72-712D-447B-AE27-70CF460CAB97}"
EndProject
Project("{2150E333-8FDC-42A3-9474-1A3956D46DE8}") = "Atlas Inyeccion", "Atlas Inyeccion", "{6681AF4E-4246-48E4-8801-13DBF86B3CF0}"
EndProject
Project("{2150E333-8FDC-42A3-9474-1A3956D46DE8}") = "Atlas Principal", "Atlas Principal", "{05B39EAB-5EC6-40A5-AA45-9C5B0AC5C543}"
EndProject
Global
	GlobalSection(SolutionConfigurationPlatforms) = preSolution
		Debug|Any CPU = Debug|Any CPU
		Debug|Mixed Platforms = Debug|Mixed Platforms
		Debug|x86 = Debug|x86
		Release|Any CPU = Release|Any CPU
		Release|Mixed Platforms = Release|Mixed Platforms
		Release|x86 = Release|x86
	EndGlobalSection
	GlobalSection(ProjectConfigurationPlatforms) = postSolution
		{42166AB1-2CE0-472F-AD2D-CBF706BDD0D5}.Debug|Any CPU.ActiveCfg = Debug|Any CPU
		{42166AB1-2CE0-472F-AD2D-CBF706BDD0D5}.Debug|Any CPU.Build.0 = Debug|Any CPU
		{42166AB1-2CE0-472F-AD2D-CBF706BDD0D5}.Debug|Mixed Platforms.ActiveCfg = Debug|Any CPU
		{42166AB1-2CE0-472F-AD2D-CBF706BDD0D5}.Debug|Mixed Platforms.Build.0 = Debug|Any CPU
		{42166AB1-2CE0-472F-AD2D-CBF706BDD0D5}.Debug|x86.ActiveCfg = Debug|Any CPU
		{42166AB1-2CE0-472F-AD2D-CBF706BDD0D5}.Release|Any CPU.ActiveCfg = Release|Any CPU
		{42166AB1-2CE0-472F-AD2D-CBF706BDD0D5}.Release|Any CPU.Build.0 = Release|Any CPU
		{42166AB1-2CE0-472F-AD2D-CBF706BDD0D5}.Release|Mixed Platforms.ActiveCfg = Release|Any CPU
		{42166AB1-2CE0-472F-AD2D-CBF706BDD0D5}.Release|Mixed Platforms.Build.0 = Release|Any CPU
		{42166AB1-2CE0-472F-AD2D-CBF706BDD0D5}.Release|x86.ActiveCfg = Release|Any CPU
		{EA29C01C-682B-436A-85BD-39A820994405}.Debug|Any CPU.ActiveCfg = Debug|Any CPU
		{EA29C01C-682B-436A-85BD-39A820994405}.Debug|Any CPU.Build.0 = Debug|Any CPU
		{EA29C01C-682B-436A-85BD-39A820994405}.Debug|Mixed Platforms.ActiveCfg = Debug|Any CPU
		{EA29C01C-682B-436A-85BD-39A820994405}.Debug|Mixed Platforms.Build.0 = Debug|Any CPU
		{EA29C01C-682B-436A-85BD-39A820994405}.Debug|x86.ActiveCfg = Debug|Any CPU
		{EA29C01C-682B-436A-85BD-39A820994405}.Release|Any CPU.ActiveCfg = Release|Any CPU
		{EA29C01C-682B-436A-85BD-39A820994405}.Release|Any CPU.Build.0 = Release|Any CPU
		{EA29C01C-682B-436A-85BD-39A820994405}.Release|Mixed Platforms.ActiveCfg = Release|Any CPU
		{EA29C01C-682B-436A-85BD-39A820994405}.Release|Mixed Platforms.Build.0 = Release|Any CPU
		{EA29C01C-682B-436A-85BD-39A820994405}.Release|x86.ActiveCfg = Release|Any CPU
		{79FFA609-FE96-4C22-9B69-3CBB551695A2}.Debug|Any CPU.ActiveCfg = Debug|Any CPU
		{79FFA609-FE96-4C22-9B69-3CBB551695A2}.Debug|Any CPU.Build.0 = Debug|Any CPU
		{79FFA609-FE96-4C22-9B69-3CBB551695A2}.Debug|Mixed Platforms.ActiveCfg = Debug|Any CPU
		{79FFA609-FE96-4C22-9B69-3CBB551695A2}.Debug|Mixed Platforms.Build.0 = Debug|Any CPU
		{79FFA609-FE96-4C22-9B69-3CBB551695A2}.Debug|x86.ActiveCfg = Debug|Any CPU
		{79FFA609-FE96-4C22-9B69-3CBB551695A2}.Release|Any CPU.ActiveCfg = Release|Any CPU
		{79FFA609-FE96-4C22-9B69-3CBB551695A2}.Release|Any CPU.Build.0 = Release|Any CPU
		{79FFA609-FE96-4C22-9B69-3CBB551695A2}.Release|Mixed Platforms.ActiveCfg = Release|Any CPU
		{79FFA609-FE96-4C22-9B69-3CBB551695A2}.Release|Mixed Platforms.Build.0 = Release|Any CPU
		{79FFA609-FE96-4C22-9B69-3CBB551695A2}.Release|x86.ActiveCfg = Release|Any CPU
		{780B0EFB-251F-4774-9497-6FB6336D6552}.Debug|Any CPU.ActiveCfg = Debug|Any CPU
		{780B0EFB-251F-4774-9497-6FB6336D6552}.Debug|Any CPU.Build.0 = Debug|Any CPU
		{780B0EFB-251F-4774-9497-6FB6336D6552}.Debug|Mixed Platforms.ActiveCfg = Debug|Any CPU
		{780B0EFB-251F-4774-9497-6FB6336D6552}.Debug|Mixed Platforms.Build.0 = Debug|Any CPU
		{780B0EFB-251F-4774-9497-6FB6336D6552}.Debug|x86.ActiveCfg = Debug|Any CPU
		{780B0EFB-251F-4774-9497-6FB6336D6552}.Release|Any CPU.ActiveCfg = Release|Any CPU
		{780B0EFB-251F-4774-9497-6FB6336D6552}.Release|Any CPU.Build.0 = Release|Any CPU
		{780B0EFB-251F-4774-9497-6FB6336D6552}.Release|Mixed Platforms.ActiveCfg = Release|Any CPU
		{780B0EFB-251F-4774-9497-6FB6336D6552}.Release|Mixed Platforms.Build.0 = Release|Any CPU
		{780B0EFB-251F-4774-9497-6FB6336D6552}.Release|x86.ActiveCfg = Release|Any CPU
		{A7EDC457-1FCC-4720-89ED-D6CAF9095CEC}.Debug|Any CPU.ActiveCfg = Debug|Any CPU
		{A7EDC457-1FCC-4720-89ED-D6CAF9095CEC}.Debug|Any CPU.Build.0 = Debug|Any CPU
		{A7EDC457-1FCC-4720-89ED-D6CAF9095CEC}.Debug|Mixed Platforms.ActiveCfg = Debug|Any CPU
		{A7EDC457-1FCC-4720-89ED-D6CAF9095CEC}.Debug|Mixed Platforms.Build.0 = Debug|Any CPU
		{A7EDC457-1FCC-4720-89ED-D6CAF9095CEC}.Debug|x86.ActiveCfg = Debug|Any CPU
		{A7EDC457-1FCC-4720-89ED-D6CAF9095CEC}.Release|Any CPU.ActiveCfg = Release|Any CPU
		{A7EDC457-1FCC-4720-89ED-D6CAF9095CEC}.Release|Any CPU.Build.0 = Release|Any CPU
		{A7EDC457-1FCC-4720-89ED-D6CAF9095CEC}.Release|Mixed Platforms.ActiveCfg = Release|Any CPU
		{A7EDC457-1FCC-4720-89ED-D6CAF9095CEC}.Release|Mixed Platforms.Build.0 = Release|Any CPU
		{A7EDC457-1FCC-4720-89ED-D6CAF9095CEC}.Release|x86.ActiveCfg = Release|Any CPU
		{C6A6CDB6-F99D-4DCA-9D0B-B3155AC20EC2}.Debug|Any CPU.ActiveCfg = Debug|Any CPU
		{C6A6CDB6-F99D-4DCA-9D0B-B3155AC20EC2}.Debug|Any CPU.Build.0 = Debug|Any CPU
		{C6A6CDB6-F99D-4DCA-9D0B-B3155AC20EC2}.Debug|Mixed Platforms.ActiveCfg = Debug|Any CPU
		{C6A6CDB6-F99D-4DCA-9D0B-B3155AC20EC2}.Debug|Mixed Platforms.Build.0 = Debug|Any CPU
		{C6A6CDB6-F99D-4DCA-9D0B-B3155AC20EC2}.Debug|x86.ActiveCfg = Debug|Any CPU
		{C6A6CDB6-F99D-4DCA-9D0B-B3155AC20EC2}.Release|Any CPU.ActiveCfg = Release|Any CPU
		{C6A6CDB6-F99D-4DCA-9D0B-B3155AC20EC2}.Release|Any CPU.Build.0 = Release|Any CPU
		{C6A6CDB6-F99D-4DCA-9D0B-B3155AC20EC2}.Release|Mixed Platforms.ActiveCfg = Release|Any CPU
		{C6A6CDB6-F99D-4DCA-9D0B-B3155AC20EC2}.Release|Mixed Platforms.Build.0 = Release|Any CPU
		{C6A6CDB6-F99D-4DCA-9D0B-B3155AC20EC2}.Release|x86.ActiveCfg = Release|Any CPU
		{42F0ED88-5CAE-4D50-9C55-72F3472B822C}.Debug|Any CPU.ActiveCfg = Debug|Any CPU
		{42F0ED88-5CAE-4D50-9C55-72F3472B822C}.Debug|Any CPU.Build.0 = Debug|Any CPU
		{42F0ED88-5CAE-4D50-9C55-72F3472B822C}.Debug|Mixed Platforms.ActiveCfg = Debug|Any CPU
		{42F0ED88-5CAE-4D50-9C55-72F3472B822C}.Debug|Mixed Platforms.Build.0 = Debug|Any CPU
		{42F0ED88-5CAE-4D50-9C55-72F3472B822C}.Debug|x86.ActiveCfg = Debug|Any CPU
		{42F0ED88-5CAE-4D50-9C55-72F3472B822C}.Release|Any CPU.ActiveCfg = Release|Any CPU
		{42F0ED88-5CAE-4D50-9C55-72F3472B822C}.Release|Any CPU.Build.0 = Release|Any CPU
		{42F0ED88-5CAE-4D50-9C55-72F3472B822C}.Release|Mixed Platforms.ActiveCfg = Release|Any CPU
		{42F0ED88-5CAE-4D50-9C55-72F3472B822C}.Release|Mixed Platforms.Build.0 = Release|Any CPU
		{42F0ED88-5CAE-4D50-9C55-72F3472B822C}.Release|x86.ActiveCfg = Release|Any CPU
		{5151BC31-4476-470C-8EA9-E5E1F3991AF8}.Debug|Any CPU.ActiveCfg = Debug|Any CPU
		{5151BC31-4476-470C-8EA9-E5E1F3991AF8}.Debug|Any CPU.Build.0 = Debug|Any CPU
		{5151BC31-4476-470C-8EA9-E5E1F3991AF8}.Debug|Mixed Platforms.ActiveCfg = Debug|Any CPU
		{5151BC31-4476-470C-8EA9-E5E1F3991AF8}.Debug|Mixed Platforms.Build.0 = Debug|Any CPU
		{5151BC31-4476-470C-8EA9-E5E1F3991AF8}.Debug|x86.ActiveCfg = Debug|Any CPU
		{5151BC31-4476-470C-8EA9-E5E1F3991AF8}.Release|Any CPU.ActiveCfg = Release|Any CPU
		{5151BC31-4476-470C-8EA9-E5E1F3991AF8}.Release|Any CPU.Build.0 = Release|Any CPU
		{5151BC31-4476-470C-8EA9-E5E1F3991AF8}.Release|Mixed Platforms.ActiveCfg = Release|Any CPU
		{5151BC31-4476-470C-8EA9-E5E1F3991AF8}.Release|Mixed Platforms.Build.0 = Release|Any CPU
		{5151BC31-4476-470C-8EA9-E5E1F3991AF8}.Release|x86.ActiveCfg = Release|Any CPU
		{003D9F5B-C55E-4B3B-87DF-7545270C8BE9}.Debug|Any CPU.ActiveCfg = Debug|Any CPU
		{003D9F5B-C55E-4B3B-87DF-7545270C8BE9}.Debug|Any CPU.Build.0 = Debug|Any CPU
		{003D9F5B-C55E-4B3B-87DF-7545270C8BE9}.Debug|Mixed Platforms.ActiveCfg = Debug|Any CPU
		{003D9F5B-C55E-4B3B-87DF-7545270C8BE9}.Debug|Mixed Platforms.Build.0 = Debug|Any CPU
		{003D9F5B-C55E-4B3B-87DF-7545270C8BE9}.Debug|x86.ActiveCfg = Debug|Any CPU
		{003D9F5B-C55E-4B3B-87DF-7545270C8BE9}.Release|Any CPU.ActiveCfg = Release|Any CPU
		{003D9F5B-C55E-4B3B-87DF-7545270C8BE9}.Release|Any CPU.Build.0 = Release|Any CPU
		{003D9F5B-C55E-4B3B-87DF-7545270C8BE9}.Release|Mixed Platforms.ActiveCfg = Release|Any CPU
		{003D9F5B-C55E-4B3B-87DF-7545270C8BE9}.Release|Mixed Platforms.Build.0 = Release|Any CPU
		{003D9F5B-C55E-4B3B-87DF-7545270C8BE9}.Release|x86.ActiveCfg = Release|Any CPU
		{7F711E1C-8E90-46C9-81B9-C97B1200CB27}.Debug|Any CPU.ActiveCfg = Debug|Any CPU
		{7F711E1C-8E90-46C9-81B9-C97B1200CB27}.Debug|Any CPU.Build.0 = Debug|Any CPU
		{7F711E1C-8E90-46C9-81B9-C97B1200CB27}.Debug|Mixed Platforms.ActiveCfg = Debug|Any CPU
		{7F711E1C-8E90-46C9-81B9-C97B1200CB27}.Debug|Mixed Platforms.Build.0 = Debug|Any CPU
		{7F711E1C-8E90-46C9-81B9-C97B1200CB27}.Debug|x86.ActiveCfg = Debug|Any CPU
		{7F711E1C-8E90-46C9-81B9-C97B1200CB27}.Release|Any CPU.ActiveCfg = Release|Any CPU
		{7F711E1C-8E90-46C9-81B9-C97B1200CB27}.Release|Any CPU.Build.0 = Release|Any CPU
		{7F711E1C-8E90-46C9-81B9-C97B1200CB27}.Release|Mixed Platforms.ActiveCfg = Release|Any CPU
		{7F711E1C-8E90-46C9-81B9-C97B1200CB27}.Release|Mixed Platforms.Build.0 = Release|Any CPU
		{7F711E1C-8E90-46C9-81B9-C97B1200CB27}.Release|x86.ActiveCfg = Release|Any CPU
		{54B8CC10-A7E8-4144-A468-CA9585D2A80A}.Debug|Any CPU.ActiveCfg = Debug|Any CPU
		{54B8CC10-A7E8-4144-A468-CA9585D2A80A}.Debug|Any CPU.Build.0 = Debug|Any CPU
		{54B8CC10-A7E8-4144-A468-CA9585D2A80A}.Debug|Mixed Platforms.ActiveCfg = Debug|Any CPU
		{54B8CC10-A7E8-4144-A468-CA9585D2A80A}.Debug|Mixed Platforms.Build.0 = Debug|Any CPU
		{54B8CC10-A7E8-4144-A468-CA9585D2A80A}.Debug|x86.ActiveCfg = Debug|Any CPU
		{54B8CC10-A7E8-4144-A468-CA9585D2A80A}.Release|Any CPU.ActiveCfg = Release|Any CPU
		{54B8CC10-A7E8-4144-A468-CA9585D2A80A}.Release|Any CPU.Build.0 = Release|Any CPU
		{54B8CC10-A7E8-4144-A468-CA9585D2A80A}.Release|Mixed Platforms.ActiveCfg = Release|Any CPU
		{54B8CC10-A7E8-4144-A468-CA9585D2A80A}.Release|Mixed Platforms.Build.0 = Release|Any CPU
		{54B8CC10-A7E8-4144-A468-CA9585D2A80A}.Release|x86.ActiveCfg = Release|Any CPU
		{83D8CC5D-7CDC-4470-AD56-FEE98637ED4F}.Debug|Any CPU.ActiveCfg = Debug|Any CPU
		{83D8CC5D-7CDC-4470-AD56-FEE98637ED4F}.Debug|Any CPU.Build.0 = Debug|Any CPU
		{83D8CC5D-7CDC-4470-AD56-FEE98637ED4F}.Debug|Mixed Platforms.ActiveCfg = Debug|Any CPU
		{83D8CC5D-7CDC-4470-AD56-FEE98637ED4F}.Debug|Mixed Platforms.Build.0 = Debug|Any CPU
		{83D8CC5D-7CDC-4470-AD56-FEE98637ED4F}.Debug|x86.ActiveCfg = Debug|Any CPU
		{83D8CC5D-7CDC-4470-AD56-FEE98637ED4F}.Release|Any CPU.ActiveCfg = Release|Any CPU
		{83D8CC5D-7CDC-4470-AD56-FEE98637ED4F}.Release|Any CPU.Build.0 = Release|Any CPU
		{83D8CC5D-7CDC-4470-AD56-FEE98637ED4F}.Release|Mixed Platforms.ActiveCfg = Release|Any CPU
		{83D8CC5D-7CDC-4470-AD56-FEE98637ED4F}.Release|Mixed Platforms.Build.0 = Release|Any CPU
		{83D8CC5D-7CDC-4470-AD56-FEE98637ED4F}.Release|x86.ActiveCfg = Release|Any CPU
		{178F8433-8A97-46D0-AE6F-18DE7035F4ED}.Debug|Any CPU.ActiveCfg = Debug|Any CPU
		{178F8433-8A97-46D0-AE6F-18DE7035F4ED}.Debug|Any CPU.Build.0 = Debug|Any CPU
		{178F8433-8A97-46D0-AE6F-18DE7035F4ED}.Debug|Mixed Platforms.ActiveCfg = Debug|Any CPU
		{178F8433-8A97-46D0-AE6F-18DE7035F4ED}.Debug|Mixed Platforms.Build.0 = Debug|Any CPU
		{178F8433-8A97-46D0-AE6F-18DE7035F4ED}.Debug|x86.ActiveCfg = Debug|Any CPU
		{178F8433-8A97-46D0-AE6F-18DE7035F4ED}.Release|Any CPU.ActiveCfg = Release|Any CPU
		{178F8433-8A97-46D0-AE6F-18DE7035F4ED}.Release|Any CPU.Build.0 = Release|Any CPU
		{178F8433-8A97-46D0-AE6F-18DE7035F4ED}.Release|Mixed Platforms.ActiveCfg = Release|Any CPU
		{178F8433-8A97-46D0-AE6F-18DE7035F4ED}.Release|Mixed Platforms.Build.0 = Release|Any CPU
		{178F8433-8A97-46D0-AE6F-18DE7035F4ED}.Release|x86.ActiveCfg = Release|Any CPU
		{6D4AA9E9-67F0-4A87-8F8E-F190A914BD48}.Debug|Any CPU.ActiveCfg = Debug|Any CPU
		{6D4AA9E9-67F0-4A87-8F8E-F190A914BD48}.Debug|Any CPU.Build.0 = Debug|Any CPU
		{6D4AA9E9-67F0-4A87-8F8E-F190A914BD48}.Debug|Mixed Platforms.ActiveCfg = Debug|Any CPU
		{6D4AA9E9-67F0-4A87-8F8E-F190A914BD48}.Debug|Mixed Platforms.Build.0 = Debug|Any CPU
		{6D4AA9E9-67F0-4A87-8F8E-F190A914BD48}.Debug|x86.ActiveCfg = Debug|Any CPU
		{6D4AA9E9-67F0-4A87-8F8E-F190A914BD48}.Release|Any CPU.ActiveCfg = Release|Any CPU
		{6D4AA9E9-67F0-4A87-8F8E-F190A914BD48}.Release|Any CPU.Build.0 = Release|Any CPU
		{6D4AA9E9-67F0-4A87-8F8E-F190A914BD48}.Release|Mixed Platforms.ActiveCfg = Release|Any CPU
		{6D4AA9E9-67F0-4A87-8F8E-F190A914BD48}.Release|Mixed Platforms.Build.0 = Release|Any CPU
		{6D4AA9E9-67F0-4A87-8F8E-F190A914BD48}.Release|x86.ActiveCfg = Release|Any CPU
		{366C6031-EE71-4FB6-B4DC-8FBD6614F110}.Debug|Any CPU.ActiveCfg = Debug|Any CPU
		{366C6031-EE71-4FB6-B4DC-8FBD6614F110}.Debug|Any CPU.Build.0 = Debug|Any CPU
		{366C6031-EE71-4FB6-B4DC-8FBD6614F110}.Debug|Mixed Platforms.ActiveCfg = Debug|Any CPU
		{366C6031-EE71-4FB6-B4DC-8FBD6614F110}.Debug|Mixed Platforms.Build.0 = Debug|Any CPU
		{366C6031-EE71-4FB6-B4DC-8FBD6614F110}.Debug|x86.ActiveCfg = Debug|Any CPU
		{366C6031-EE71-4FB6-B4DC-8FBD6614F110}.Release|Any CPU.ActiveCfg = Release|Any CPU
		{366C6031-EE71-4FB6-B4DC-8FBD6614F110}.Release|Any CPU.Build.0 = Release|Any CPU
		{366C6031-EE71-4FB6-B4DC-8FBD6614F110}.Release|Mixed Platforms.ActiveCfg = Release|Any CPU
		{366C6031-EE71-4FB6-B4DC-8FBD6614F110}.Release|Mixed Platforms.Build.0 = Release|Any CPU
		{366C6031-EE71-4FB6-B4DC-8FBD6614F110}.Release|x86.ActiveCfg = Release|Any CPU
		{6670AB73-6A1F-4DB7-ABEF-AA7DCAB9EA07}.Debug|Any CPU.ActiveCfg = Debug|Any CPU
		{6670AB73-6A1F-4DB7-ABEF-AA7DCAB9EA07}.Debug|Any CPU.Build.0 = Debug|Any CPU
		{6670AB73-6A1F-4DB7-ABEF-AA7DCAB9EA07}.Debug|Mixed Platforms.ActiveCfg = Debug|Any CPU
		{6670AB73-6A1F-4DB7-ABEF-AA7DCAB9EA07}.Debug|Mixed Platforms.Build.0 = Debug|Any CPU
		{6670AB73-6A1F-4DB7-ABEF-AA7DCAB9EA07}.Debug|x86.ActiveCfg = Debug|Any CPU
		{6670AB73-6A1F-4DB7-ABEF-AA7DCAB9EA07}.Release|Any CPU.ActiveCfg = Release|Any CPU
		{6670AB73-6A1F-4DB7-ABEF-AA7DCAB9EA07}.Release|Any CPU.Build.0 = Release|Any CPU
		{6670AB73-6A1F-4DB7-ABEF-AA7DCAB9EA07}.Release|Mixed Platforms.ActiveCfg = Release|Any CPU
		{6670AB73-6A1F-4DB7-ABEF-AA7DCAB9EA07}.Release|Mixed Platforms.Build.0 = Release|Any CPU
		{6670AB73-6A1F-4DB7-ABEF-AA7DCAB9EA07}.Release|x86.ActiveCfg = Release|Any CPU
		{3B30BBC2-6FB0-43CF-8ECD-772C516B53AD}.Debug|Any CPU.ActiveCfg = Debug|Any CPU
		{3B30BBC2-6FB0-43CF-8ECD-772C516B53AD}.Debug|Any CPU.Build.0 = Debug|Any CPU
		{3B30BBC2-6FB0-43CF-8ECD-772C516B53AD}.Debug|Mixed Platforms.ActiveCfg = Debug|Any CPU
		{3B30BBC2-6FB0-43CF-8ECD-772C516B53AD}.Debug|Mixed Platforms.Build.0 = Debug|Any CPU
		{3B30BBC2-6FB0-43CF-8ECD-772C516B53AD}.Debug|x86.ActiveCfg = Debug|Any CPU
		{3B30BBC2-6FB0-43CF-8ECD-772C516B53AD}.Release|Any CPU.ActiveCfg = Release|Any CPU
		{3B30BBC2-6FB0-43CF-8ECD-772C516B53AD}.Release|Any CPU.Build.0 = Release|Any CPU
		{3B30BBC2-6FB0-43CF-8ECD-772C516B53AD}.Release|Mixed Platforms.ActiveCfg = Release|Any CPU
		{3B30BBC2-6FB0-43CF-8ECD-772C516B53AD}.Release|Mixed Platforms.Build.0 = Release|Any CPU
		{3B30BBC2-6FB0-43CF-8ECD-772C516B53AD}.Release|x86.ActiveCfg = Release|Any CPU
		{F378B713-09C1-4F55-B1FE-BE11CABA4B04}.Debug|Any CPU.ActiveCfg = Debug|Any CPU
		{F378B713-09C1-4F55-B1FE-BE11CABA4B04}.Debug|Any CPU.Build.0 = Debug|Any CPU
		{F378B713-09C1-4F55-B1FE-BE11CABA4B04}.Debug|Mixed Platforms.ActiveCfg = Debug|Any CPU
		{F378B713-09C1-4F55-B1FE-BE11CABA4B04}.Debug|Mixed Platforms.Build.0 = Debug|Any CPU
		{F378B713-09C1-4F55-B1FE-BE11CABA4B04}.Debug|x86.ActiveCfg = Debug|Any CPU
		{F378B713-09C1-4F55-B1FE-BE11CABA4B04}.Release|Any CPU.ActiveCfg = Release|Any CPU
		{F378B713-09C1-4F55-B1FE-BE11CABA4B04}.Release|Any CPU.Build.0 = Release|Any CPU
		{F378B713-09C1-4F55-B1FE-BE11CABA4B04}.Release|Mixed Platforms.ActiveCfg = Release|Any CPU
		{F378B713-09C1-4F55-B1FE-BE11CABA4B04}.Release|Mixed Platforms.Build.0 = Release|Any CPU
		{F378B713-09C1-4F55-B1FE-BE11CABA4B04}.Release|x86.ActiveCfg = Release|Any CPU
		{46D38FAA-2349-4F44-A61E-059679261DF6}.Debug|Any CPU.ActiveCfg = Debug|Any CPU
		{46D38FAA-2349-4F44-A61E-059679261DF6}.Debug|Any CPU.Build.0 = Debug|Any CPU
		{46D38FAA-2349-4F44-A61E-059679261DF6}.Debug|Mixed Platforms.ActiveCfg = Debug|Any CPU
		{46D38FAA-2349-4F44-A61E-059679261DF6}.Debug|Mixed Platforms.Build.0 = Debug|Any CPU
		{46D38FAA-2349-4F44-A61E-059679261DF6}.Debug|x86.ActiveCfg = Debug|Any CPU
		{46D38FAA-2349-4F44-A61E-059679261DF6}.Release|Any CPU.ActiveCfg = Release|Any CPU
		{46D38FAA-2349-4F44-A61E-059679261DF6}.Release|Any CPU.Build.0 = Release|Any CPU
		{46D38FAA-2349-4F44-A61E-059679261DF6}.Release|Mixed Platforms.ActiveCfg = Release|Any CPU
		{46D38FAA-2349-4F44-A61E-059679261DF6}.Release|Mixed Platforms.Build.0 = Release|Any CPU
		{46D38FAA-2349-4F44-A61E-059679261DF6}.Release|x86.ActiveCfg = Release|Any CPU
		{F1B96D72-712D-447B-AE27-70CF460CAB97}.Debug|Any CPU.ActiveCfg = Debug|Any CPU
		{F1B96D72-712D-447B-AE27-70CF460CAB97}.Debug|Any CPU.Build.0 = Debug|Any CPU
		{F1B96D72-712D-447B-AE27-70CF460CAB97}.Debug|Mixed Platforms.ActiveCfg = Debug|Any CPU
		{F1B96D72-712D-447B-AE27-70CF460CAB97}.Debug|Mixed Platforms.Build.0 = Debug|Any CPU
		{F1B96D72-712D-447B-AE27-70CF460CAB97}.Debug|x86.ActiveCfg = Debug|Any CPU
		{F1B96D72-712D-447B-AE27-70CF460CAB97}.Release|Any CPU.ActiveCfg = Release|Any CPU
		{F1B96D72-712D-447B-AE27-70CF460CAB97}.Release|Any CPU.Build.0 = Release|Any CPU
		{F1B96D72-712D-447B-AE27-70CF460CAB97}.Release|Mixed Platforms.ActiveCfg = Release|Any CPU
		{F1B96D72-712D-447B-AE27-70CF460CAB97}.Release|Mixed Platforms.Build.0 = Release|Any CPU
		{F1B96D72-712D-447B-AE27-70CF460CAB97}.Release|x86.ActiveCfg = Release|Any CPU
	EndGlobalSection
	GlobalSection(SolutionProperties) = preSolution
		HideSolutionNode = FALSE
	EndGlobalSection
	GlobalSection(NestedProjects) = preSolution
		{D7229EBA-CF12-47F3-AC98-7AF65E78D60B} = {05B39EAB-5EC6-40A5-AA45-9C5B0AC5C543}
		{62DBB895-D9D0-4E37-B4B1-4717F28DB9D1} = {5F26C745-ECC4-49DF-AD4D-6C97FCA53955}
		{68ECABD0-62C8-4DB2-B5AA-8E3A50ECAE7A} = {5F26C745-ECC4-49DF-AD4D-6C97FCA53955}
		{F5A3F9E4-65AD-414D-9959-77FD53E8B63D} = {5F26C745-ECC4-49DF-AD4D-6C97FCA53955}
		{EA29C01C-682B-436A-85BD-39A820994405} = {62DBB895-D9D0-4E37-B4B1-4717F28DB9D1}
		{79FFA609-FE96-4C22-9B69-3CBB551695A2} = {56F0A9E1-8E8A-48DA-8831-3779F02169FE}
		{780B0EFB-251F-4774-9497-6FB6336D6552} = {68ECABD0-62C8-4DB2-B5AA-8E3A50ECAE7A}
		{A7EDC457-1FCC-4720-89ED-D6CAF9095CEC} = {F5A3F9E4-65AD-414D-9959-77FD53E8B63D}
		{BF546ABD-7DBC-4B50-AA6D-73D929C041BE} = {237A7D74-DD32-407B-92A4-33E16F67E010}
		{F8D36A25-430A-4E18-9D78-FA18ECF56894} = {237A7D74-DD32-407B-92A4-33E16F67E010}
		{3E53D22E-806C-43AE-ACB4-FD51F241693E} = {237A7D74-DD32-407B-92A4-33E16F67E010}
		{0C61FA91-49C4-4FC1-A4D2-0D3DAE255F94} = {237A7D74-DD32-407B-92A4-33E16F67E010}
		{D9929B0E-3519-4537-90E7-3A76F517E0E9} = {237A7D74-DD32-407B-92A4-33E16F67E010}
		{3447678A-627A-48D5-851D-3B2E7DB7943A} = {237A7D74-DD32-407B-92A4-33E16F67E010}
		{486D8FF2-A60A-440A-BDAE-E1ED04B6FC27} = {237A7D74-DD32-407B-92A4-33E16F67E010}
		{30B388EC-23A0-4909-9D86-3DB920535FF7} = {237A7D74-DD32-407B-92A4-33E16F67E010}
		{5545F699-E423-4B2A-BCF1-1C2AF0618A91} = {237A7D74-DD32-407B-92A4-33E16F67E010}
		{A4C4169B-49B2-4339-9C4C-6D6845FE88BC} = {237A7D74-DD32-407B-92A4-33E16F67E010}
		{30A9EF7E-A038-40E3-BCC1-A9CEFF723C13} = {237A7D74-DD32-407B-92A4-33E16F67E010}
		{EDA69CC0-1A98-40E9-A30C-9B4D8AE2D733} = {237A7D74-DD32-407B-92A4-33E16F67E010}
		{3FE063DB-52D4-422C-805E-059B634B8057} = {237A7D74-DD32-407B-92A4-33E16F67E010}
		{6681AF4E-4246-48E4-8801-13DBF86B3CF0} = {237A7D74-DD32-407B-92A4-33E16F67E010}
		{C6A6CDB6-F99D-4DCA-9D0B-B3155AC20EC2} = {3F378D5E-B5F9-41A8-9549-0122ECE6A197}
		{42F0ED88-5CAE-4D50-9C55-72F3472B822C} = {BF546ABD-7DBC-4B50-AA6D-73D929C041BE}
		{42166AB1-2CE0-472F-AD2D-CBF706BDD0D5} = {D7229EBA-CF12-47F3-AC98-7AF65E78D60B}
		{5151BC31-4476-470C-8EA9-E5E1F3991AF8} = {F8D36A25-430A-4E18-9D78-FA18ECF56894}
		{003D9F5B-C55E-4B3B-87DF-7545270C8BE9} = {3E53D22E-806C-43AE-ACB4-FD51F241693E}
		{7F711E1C-8E90-46C9-81B9-C97B1200CB27} = {0C61FA91-49C4-4FC1-A4D2-0D3DAE255F94}
		{54B8CC10-A7E8-4144-A468-CA9585D2A80A} = {D9929B0E-3519-4537-90E7-3A76F517E0E9}
		{83D8CC5D-7CDC-4470-AD56-FEE98637ED4F} = {3447678A-627A-48D5-851D-3B2E7DB7943A}
		{178F8433-8A97-46D0-AE6F-18DE7035F4ED} = {486D8FF2-A60A-440A-BDAE-E1ED04B6FC27}
		{6D4AA9E9-67F0-4A87-8F8E-F190A914BD48} = {30B388EC-23A0-4909-9D86-3DB920535FF7}
		{366C6031-EE71-4FB6-B4DC-8FBD6614F110} = {5545F699-E423-4B2A-BCF1-1C2AF0618A91}
		{3B30BBC2-6FB0-43CF-8ECD-772C516B53AD} = {A4C4169B-49B2-4339-9C4C-6D6845FE88BC}
		{6670AB73-6A1F-4DB7-ABEF-AA7DCAB9EA07} = {30A9EF7E-A038-40E3-BCC1-A9CEFF723C13}
		{F378B713-09C1-4F55-B1FE-BE11CABA4B04} = {EDA69CC0-1A98-40E9-A30C-9B4D8AE2D733}
		{46D38FAA-2349-4F44-A61E-059679261DF6} = {3FE063DB-52D4-422C-805E-059B634B8057}
		{F1B96D72-712D-447B-AE27-70CF460CAB97} = {6681AF4E-4246-48E4-8801-13DBF86B3CF0}
	EndGlobalSection
EndGlobal
